{
  "name": "test",
  "version": "1.0.0",
  "lockfileVersion": 2,
  "requires": true,
  "packages": {
    "": {
      "name": "test",
      "version": "1.0.0",
      "license": "ISC",
      "devDependencies": {
        "electron-react-devtools": "^0.5.3"
      }
    },
    "node_modules/electron-react-devtools": {
      "version": "0.5.3",
      "resolved": "https://registry.npmjs.org/electron-react-devtools/-/electron-react-devtools-0.5.3.tgz",
      "integrity": "sha1-x07bEkXcHP4TgLkwFs1OtYjtALc=",
      "dev": true
    }
  },
  "dependencies": {
    "electron-react-devtools": {
      "version": "0.5.3",
      "resolved": "https://registry.npmjs.org/electron-react-devtools/-/electron-react-devtools-0.5.3.tgz",
      "integrity": "sha1-x07bEkXcHP4TgLkwFs1OtYjtALc=",
      "dev": true
    }
  }
}
